PODS:
  - Realm (4.4.0):
    - Realm/Headers (= 4.4.0)
  - Realm/Headers (4.4.0)

DEPENDENCIES:
  - Realm

SPEC REPOS:
  https://github.com/cocoapods/specs.git:
    - Realm

SPEC CHECKSUMS:
  Realm: e125f464884cda953ebefe70c671b75b03b81b9b

PODFILE CHECKSUM: 36da62cca5a00fc4d605919ab0b49b09564dbe0c

COCOAPODS: 1.5.3
